{
  "name": "definition-blog",
  "lockfileVersion": 2,
  "requires": true,
  "packages": {
    "": {
      "dependencies": {
        "justflipit": "^2.0.1"
      }
    },
    "node_modules/justflipit": {
      "version": "2.0.1",
      "resolved": "https://registry.npmjs.org/justflipit/-/justflipit-2.0.1.tgz",
      "integrity": "sha512-dSYSVkYpcKrkj4obXSUoDLIXqTp3PV0Wb5S7dQg98WkrumZ9V6GYxpXeDWSFMAbQARmYEEEBVoZ2ueqViVFDsA=="
    }
  },
  "dependencies": {
    "justflipit": {
      "version": "2.0.1",
      "resolved": "https://registry.npmjs.org/justflipit/-/justflipit-2.0.1.tgz",
      "integrity": "sha512-dSYSVkYpcKrkj4obXSUoDLIXqTp3PV0Wb5S7dQg98WkrumZ9V6GYxpXeDWSFMAbQARmYEEEBVoZ2ueqViVFDsA=="
    }
  }
}
